{
  "name": "joystick",
  "version": "1.0.0",
  "lockfileVersion": 1,
  "requires": true,
  "dependencies": {
    "@types/gsap": {
      "version": "1.20.2",
      "resolved": "https://registry.npmjs.org/@types/gsap/-/gsap-1.20.2.tgz",
      "integrity": "sha512-i9nUsnS32+VTgoX5IlaCYukJpCoB3c6h3bZvO67aIRdb3z8NFTWgeUDpQutLyb1ujowp6nw37qLQNvEowqq8yw=="
    },
    "gsap": {
      "version": "2.1.2",
      "resolved": "https://registry.npmjs.org/gsap/-/gsap-2.1.2.tgz",
      "integrity": "sha512-7saMzK2HQ3OD4/hbygtkh0uAK8LUqcom6abL4YqGttyxAQdEvywQOw5VK3obKQ7GaLU8KhszArKJPxIKe8mbvg=="
    },
    "typescript": {
      "version": "3.6.4",
      "resolved": "https://registry.npmjs.org/typescript/-/typescript-3.6.4.tgz",
      "integrity": "sha512-unoCll1+l+YK4i4F8f22TaNVPRHcD9PA3yCuZ8g5e0qGqlVlJ/8FSateOLLSagn+Yg5+ZwuPkL8LFUc0Jcvksg==",
      "dev": true
    }
  }
}
